{
    "name": "node-red-project",
    "version": "0.0.1",
    "lockfileVersion": 1,
    "requires": true,
    "dependencies": {
        "array-filter": {
            "version": "0.0.1",
            "resolved": "https://registry.npmjs.org/array-filter/-/array-filter-0.0.1.tgz",
            "integrity": "sha1-fajPLiZijtcygDWB/SH2fKzS7uw="
        },
        "array-map": {
            "version": "0.0.0",
            "resolved": "https://registry.npmjs.org/array-map/-/array-map-0.0.0.tgz",
            "integrity": "sha1-iKK6tz0c97zVwbEYoAP2b2ZfpmI="
        },
        "array-reduce": {
            "version": "0.0.0",
            "resolved": "https://registry.npmjs.org/array-reduce/-/array-reduce-0.0.0.tgz",
            "integrity": "sha1-FziZ0//Rx9k4PkR5Ul2+J4yrXys="
        },
        "asn1": {
            "version": "0.2.4",
            "resolved": "https://registry.npmjs.org/asn1/-/asn1-0.2.4.tgz",
            "integrity": "sha512-jxwzQpLQjSmWXgwaCZE9Nz+glAG01yF1QnWgbhGwHI5A6FRIEY6IVqtHhIepHqI7/kyEyQEagBC5mBEFlIYvdg==",
            "requires": {
                "safer-buffer": "~2.1.0"
            }
        },
        "async": {
            "version": "2.6.0",
            "resolved": "https://registry.npmjs.org/async/-/async-2.6.0.tgz",
            "integrity": "sha512-xAfGg1/NTLBBKlHFmnd7PlmUW9KhVQIUuSrYem9xzFUZy13ScvtyGGejaae9iAVRiRq9+Cx7DPFaAAhCpyxyPw==",
            "requires": {
                "lodash": "^4.14.0"
            }
        },
        "byline": {
            "version": "4.2.2",
            "resolved": "https://registry.npmjs.org/byline/-/byline-4.2.2.tgz",
            "integrity": "sha1-wgOpilsCkIIqk4anjtosvVvNsy8="
        },
        "caller-id": {
            "version": "0.1.0",
            "resolved": "https://registry.npmjs.org/caller-id/-/caller-id-0.1.0.tgz",
            "integrity": "sha1-Wb2sCJPRLDhxQIJ5Ix+XRYNk8Hs=",
            "requires": {
                "stack-trace": "~0.0.7"
            }
        },
        "co": {
            "version": "3.1.0",
            "resolved": "https://registry.npmjs.org/co/-/co-3.1.0.tgz",
            "integrity": "sha1-TqVOpaCJOBUxheFSEMaNkJK8G3g="
        },
        "debug": {
            "version": "3.1.0",
            "resolved": "https://registry.npmjs.org/debug/-/debug-3.1.0.tgz",
            "integrity": "sha512-OX8XqP7/1a9cqkxYw2yXss15f26NKWBpDXQd0/uK/KPqdQhxbPa994hnzjcE2VqQpDslf55723cKPUOGSmMY3g==",
            "requires": {
                "ms": "2.0.0"
            }
        },
        "domain": {
            "version": "0.0.1",
            "resolved": "https://registry.npmjs.org/domain/-/domain-0.0.1.tgz",
            "integrity": "sha1-8Wyr06D61X1nIiKlnRb1HtqK99g=",
            "requires": {
                "co": "^3.1.0",
                "eventstore": "^1.0.3",
                "shortid": "^2.0.1",
                "should": "^4.1.0",
                "thunkify": "^2.1.2"
            }
        },
        "dotty": {
            "version": "0.0.2",
            "resolved": "https://registry.npmjs.org/dotty/-/dotty-0.0.2.tgz",
            "integrity": "sha1-4d6NRiZ7YvreErW1jCHKUUxKeqE="
        },
        "duplexer": {
            "version": "0.1.1",
            "resolved": "https://registry.npmjs.org/duplexer/-/duplexer-0.1.1.tgz",
            "integrity": "sha1-rOb/gIwc5mtX0ev5eXessCM0z8E="
        },
        "emitter-component": {
            "version": "1.1.1",
            "resolved": "https://registry.npmjs.org/emitter-component/-/emitter-component-1.1.1.tgz",
            "integrity": "sha1-Bl4tvtaVm/RwZ57avq95gdEAOrY="
        },
        "event-stream": {
            "version": "3.3.5",
            "resolved": "https://registry.npmjs.org/event-stream/-/event-stream-3.3.5.tgz",
            "integrity": "sha512-vyibDcu5JL20Me1fP734QBH/kenBGLZap2n0+XXM7mvuUPzJ20Ydqj1aKcIeMdri1p+PU+4yAKugjN8KCVst+g==",
            "requires": {
                "duplexer": "^0.1.1",
                "from": "^0.1.7",
                "map-stream": "0.0.7",
                "pause-stream": "^0.0.11",
                "split": "^1.0.1",
                "stream-combiner": "^0.2.2",
                "through": "^2.3.8"
            }
        },
        "eventstore": {
            "version": "1.14.4",
            "resolved": "https://registry.npmjs.org/eventstore/-/eventstore-1.14.4.tgz",
            "integrity": "sha512-cRQoDbcosNHdYcoXifM8XTC4jnUMA2pxaT2WSXthPn2RZ01IoMIWhJCTo897NAzm64fC9TxHbYrffpxgDRUfSA==",
            "requires": {
                "async": "2.6.0",
                "debug": "3.1.0",
                "dotty": "0.0.2",
                "jsondate": "0.0.1",
                "lodash": "4.17.10",
                "parent-require": "1.0.0",
                "tolerance": "1.0.0",
                "uuid": "3.1.0"
            }
        },
        "filesize": {
            "version": "3.6.1",
            "resolved": "https://registry.npmjs.org/filesize/-/filesize-3.6.1.tgz",
            "integrity": "sha512-7KjR1vv6qnicaPMi1iiTcI85CyYwRO/PSFCu6SvqL8jN2Wjt/NIYQTFtFs7fSDCYOstUkEWIQGFUg5YZQfjlcg=="
        },
        "from": {
            "version": "0.1.7",
            "resolved": "https://registry.npmjs.org/from/-/from-0.1.7.tgz",
            "integrity": "sha1-g8YK/Fi5xWmXAH7Rp2izqzA6RP4="
        },
        "fs": {
            "version": "0.0.2",
            "resolved": "https://registry.npmjs.org/fs/-/fs-0.0.2.tgz",
            "integrity": "sha1-4fJE7zkzwbKmS9R5kTYGDQ9ZFPg="
        },
        "jsondate": {
            "version": "0.0.1",
            "resolved": "https://registry.npmjs.org/jsondate/-/jsondate-0.0.1.tgz",
            "integrity": "sha1-RXqa4Bgm0Z+vfofJviY9TzqiN/w="
        },
        "jsonify": {
            "version": "0.0.0",
            "resolved": "https://registry.npmjs.org/jsonify/-/jsonify-0.0.0.tgz",
            "integrity": "sha1-LHS27kHZPKUbe1qu6PUDYx0lKnM="
        },
        "lodash": {
            "version": "4.17.10",
            "resolved": "https://registry.npmjs.org/lodash/-/lodash-4.17.10.tgz",
            "integrity": "sha512-UejweD1pDoXu+AD825lWwp4ZGtSwgnpZxb3JDViD7StjQz+Nb/6l093lx4OQ0foGWNRoc19mWy7BzL+UAK2iVg=="
        },
        "map-stream": {
            "version": "0.0.7",
            "resolved": "https://registry.npmjs.org/map-stream/-/map-stream-0.0.7.tgz",
            "integrity": "sha1-ih8HiW2CsQkmvTdEokIACfiJdKg="
        },
        "moment": {
            "version": "2.24.0",
            "resolved": "https://registry.npmjs.org/moment/-/moment-2.24.0.tgz",
            "integrity": "sha512-bV7f+6l2QigeBBZSM/6yTNq4P2fNpSWj/0e7jQcy87A8e7o2nAfP/34/2ky5Vw4B9S446EtIhodAzkFCcR4dQg=="
        },
        "ms": {
            "version": "2.0.0",
            "resolved": "https://registry.npmjs.org/ms/-/ms-2.0.0.tgz",
            "integrity": "sha1-VgiurfwAvmwpAd9fmGF4jeDVl8g="
        },
        "nanoid": {
            "version": "2.0.2",
            "resolved": "https://registry.npmjs.org/nanoid/-/nanoid-2.0.2.tgz",
            "integrity": "sha512-X4yQ8VHoFvHcykGunT2Jxrsm1c4vH5UKtau7LLJYXO1istCRE3jD8JxDyGCzN+h7dpWBCvWaSYgloRuphKRqUQ=="
        },
        "node-red-biglib": {
            "version": "1.3.1",
            "resolved": "https://registry.npmjs.org/node-red-biglib/-/node-red-biglib-1.3.1.tgz",
            "integrity": "sha1-Bz6K+ZYUIsO4Lk93LDURymGg6jQ=",
            "requires": {
                "byline": "^4.2.1",
                "caller-id": "^0.1.0",
                "domain": "0.0.1",
                "filesize": "^3.2.1",
                "fs": "0.0.2",
                "moment": "^2.12.0",
                "shell-quote": "^1.6.0",
                "stream": "0.0.2"
            }
        },
        "node-red-contrib-bigssh": {
            "version": "1.3.0",
            "resolved": "https://registry.npmjs.org/node-red-contrib-bigssh/-/node-red-contrib-bigssh-1.3.0.tgz",
            "integrity": "sha512-fwDhJkasQH/wDXiIFaxSRvg8MQuqnNmAiinCGVZodayYu77vga0XcMjoSXlMz+rpPLnTdz+EbZSrYBDot/eatQ==",
            "requires": {
                "event-stream": "^3.3.2",
                "node-red-biglib": "^1.2.0",
                "ssh2": "^0.5.0"
            }
        },
        "parent-require": {
            "version": "1.0.0",
            "resolved": "https://registry.npmjs.org/parent-require/-/parent-require-1.0.0.tgz",
            "integrity": "sha1-dGoWdjgIOoYLDu9nMssn7UbDKXc="
        },
        "pause-stream": {
            "version": "0.0.11",
            "resolved": "https://registry.npmjs.org/pause-stream/-/pause-stream-0.0.11.tgz",
            "integrity": "sha1-/lo0sMvOErWqaitAPuLnO2AvFEU=",
            "requires": {
                "through": "~2.3"
            }
        },
        "retry": {
            "version": "0.12.0",
            "resolved": "https://registry.npmjs.org/retry/-/retry-0.12.0.tgz",
            "integrity": "sha1-G0KmJmoh8HQh0bC1S33BZ7AcATs="
        },
        "safer-buffer": {
            "version": "2.1.2",
            "resolved": "https://registry.npmjs.org/safer-buffer/-/safer-buffer-2.1.2.tgz",
            "integrity": "sha512-YZo3K82SD7Riyi0E1EQPojLz7kpepnSQI9IyPbHHg1XXXevb5dJI7tpyN2ADxGcQbHG7vcyRHk0cbwqcQriUtg=="
        },
        "semver": {
            "version": "5.7.0",
            "resolved": "https://registry.npmjs.org/semver/-/semver-5.7.0.tgz",
            "integrity": "sha512-Ya52jSX2u7QKghxeoFGpLwCtGlt7j0oY9DYb5apt9nPlJ42ID+ulTXESnt/qAQcoSERyZ5sl3LDIOw0nAn/5DA=="
        },
        "shell-quote": {
            "version": "1.6.1",
            "resolved": "https://registry.npmjs.org/shell-quote/-/shell-quote-1.6.1.tgz",
            "integrity": "sha1-9HgZSczkAmlxJ0MOo7PFR29IF2c=",
            "requires": {
                "array-filter": "~0.0.0",
                "array-map": "~0.0.0",
                "array-reduce": "~0.0.0",
                "jsonify": "~0.0.0"
            }
        },
        "shortid": {
            "version": "2.2.14",
            "resolved": "https://registry.npmjs.org/shortid/-/shortid-2.2.14.tgz",
            "integrity": "sha512-4UnZgr9gDdA1kaKj/38IiudfC3KHKhDc1zi/HSxd9FQDR0VLwH3/y79tZJLsVYPsJgIjeHjqIWaWVRJUj9qZOQ==",
            "requires": {
                "nanoid": "^2.0.0"
            }
        },
        "should": {
            "version": "4.6.5",
            "resolved": "https://registry.npmjs.org/should/-/should-4.6.5.tgz",
            "integrity": "sha1-DRI0bbvRsCj59Lt6nVRzZPw2qH8=",
            "requires": {
                "should-equal": "0.3.1",
                "should-format": "0.0.7",
                "should-type": "0.0.4"
            }
        },
        "should-equal": {
            "version": "0.3.1",
            "resolved": "https://registry.npmjs.org/should-equal/-/should-equal-0.3.1.tgz",
            "integrity": "sha1-vY6pemdI45+tR2o75v1y68LnK/A=",
            "requires": {
                "should-type": "0.0.4"
            }
        },
        "should-format": {
            "version": "0.0.7",
            "resolved": "https://registry.npmjs.org/should-format/-/should-format-0.0.7.tgz",
            "integrity": "sha1-Hi74a9kdqcLgQSM1tWq6vZov3hI=",
            "requires": {
                "should-type": "0.0.4"
            }
        },
        "should-type": {
            "version": "0.0.4",
            "resolved": "https://registry.npmjs.org/should-type/-/should-type-0.0.4.tgz",
            "integrity": "sha1-ATKgVBemEmhmQmrPEW8e1WI6XNA="
        },
        "split": {
            "version": "1.0.1",
            "resolved": "https://registry.npmjs.org/split/-/split-1.0.1.tgz",
            "integrity": "sha512-mTyOoPbrivtXnwnIxZRFYRrPNtEFKlpB2fvjSnCQUiAA6qAZzqwna5envK4uk6OIeP17CsdF3rSBGYVBsU0Tkg==",
            "requires": {
                "through": "2"
            }
        },
        "ssh2": {
            "version": "0.5.5",
            "resolved": "https://registry.npmjs.org/ssh2/-/ssh2-0.5.5.tgz",
            "integrity": "sha1-x3gezS7OcwSiU89iD6taXCK7IjU=",
            "requires": {
                "ssh2-streams": "~0.1.18"
            }
        },
        "ssh2-streams": {
            "version": "0.1.20",
            "resolved": "https://registry.npmjs.org/ssh2-streams/-/ssh2-streams-0.1.20.tgz",
            "integrity": "sha1-URGNFUVV31Rp7h9n4M8efoosDjo=",
            "requires": {
                "asn1": "~0.2.0",
                "semver": "^5.1.0",
                "streamsearch": "~0.1.2"
            }
        },
        "stack-trace": {
            "version": "0.0.10",
            "resolved": "https://registry.npmjs.org/stack-trace/-/stack-trace-0.0.10.tgz",
            "integrity": "sha1-VHxws0fo0ytOEI6hoqFZ5f3eGcA="
        },
        "stream": {
            "version": "0.0.2",
            "resolved": "https://registry.npmjs.org/stream/-/stream-0.0.2.tgz",
            "integrity": "sha1-f1Nj8Ff2WSxVlfALyAon9c7B8O8=",
            "requires": {
                "emitter-component": "^1.1.1"
            }
        },
        "stream-combiner": {
            "version": "0.2.2",
            "resolved": "https://registry.npmjs.org/stream-combiner/-/stream-combiner-0.2.2.tgz",
            "integrity": "sha1-rsjLrBd7Vrb0+kec7YwZEs7lKFg=",
            "requires": {
                "duplexer": "~0.1.1",
                "through": "~2.3.4"
            }
        },
        "streamsearch": {
            "version": "0.1.2",
            "resolved": "https://registry.npmjs.org/streamsearch/-/streamsearch-0.1.2.tgz",
            "integrity": "sha1-gIudDlb8Jz2Am6VzOOkpkZoanxo="
        },
        "through": {
            "version": "2.3.8",
            "resolved": "https://registry.npmjs.org/through/-/through-2.3.8.tgz",
            "integrity": "sha1-DdTJ/6q8NXlgsbckEV1+Doai4fU="
        },
        "thunkify": {
            "version": "2.1.2",
            "resolved": "https://registry.npmjs.org/thunkify/-/thunkify-2.1.2.tgz",
            "integrity": "sha1-+qDp0jDFGsyVyhOjYawFyn4EVT0="
        },
        "tolerance": {
            "version": "1.0.0",
            "resolved": "https://registry.npmjs.org/tolerance/-/tolerance-1.0.0.tgz",
            "integrity": "sha1-mFFo5d0TwJ3tQUrHOGb4R7QI2mw=",
            "requires": {
                "retry": ">=0.6.0"
            }
        },
        "uuid": {
            "version": "3.1.0",
            "resolved": "https://registry.npmjs.org/uuid/-/uuid-3.1.0.tgz",
            "integrity": "sha512-DIWtzUkw04M4k3bf1IcpS2tngXEL26YUD2M0tMDUpnUrz2hgzUBlD55a4FjdLGPvfHxS6uluGWvaVEqgBcVa+g=="
        }
    }
}
